
Microsoft Visual Studio Solution File, Format Version 12.00
# Visual Studio Version 16
VisualStudioVersion = 16.0.29001.49
MinimumVisualStudioVersion = 10.0.40219.1
Project("{9A19103F-16F7-4668-BE54-9A1E7A4F7556}") = "Api", "Api\Api.csproj", "{26E8EA1B-BF2A-4440-83D2-7BC6AFE7509B}"
EndProject
Project("{9A19103F-16F7-4668-BE54-9A1E7A4F7556}") = "Data.Tests", "Data.Tests\Data.Tests.csproj", "{6B605935-DA84-4988-9F3F-93C6ED30FA32}"
EndProject
Project("{9A19103F-16F7-4668-BE54-9A1E7A4F7556}") = "Data", "Data\Data.csproj", "{7139B8B4-BEFA-46B5-A4EC-C06583B5F84F}"
EndProject
Project("{9A19103F-16F7-4668-BE54-9A1E7A4F7556}") = "Api.Tests", "Api.Tests\Api.Tests.csproj", "{42A5FC25-214D-4520-9E9B-E5C224CCA407}"
EndProject
Project("{9A19103F-16F7-4668-BE54-9A1E7A4F7556}") = "Api.Register", "Api.Register\Api.Register.csproj", "{EEB14E29-B5DC-403A-87F9-3F8E94B548F7}"
EndProject
Global
	GlobalSection(SolutionConfigurationPlatforms) = preSolution
		Debug|Any CPU = Debug|Any CPU
		Release|Any CPU = Release|Any CPU
	EndGlobalSection
	GlobalSection(ProjectConfigurationPlatforms) = postSolution
		{26E8EA1B-BF2A-4440-83D2-7BC6AFE7509B}.Debug|Any CPU.ActiveCfg = Debug|Any CPU
		{26E8EA1B-BF2A-4440-83D2-7BC6AFE7509B}.Debug|Any CPU.Build.0 = Debug|Any CPU
		{26E8EA1B-BF2A-4440-83D2-7BC6AFE7509B}.Release|Any CPU.ActiveCfg = Release|Any CPU
		{26E8EA1B-BF2A-4440-83D2-7BC6AFE7509B}.Release|Any CPU.Build.0 = Release|Any CPU
		{6B605935-DA84-4988-9F3F-93C6ED30FA32}.Debug|Any CPU.ActiveCfg = Debug|Any CPU
		{6B605935-DA84-4988-9F3F-93C6ED30FA32}.Debug|Any CPU.Build.0 = Debug|Any CPU
		{6B605935-DA84-4988-9F3F-93C6ED30FA32}.Release|Any CPU.ActiveCfg = Release|Any CPU
		{6B605935-DA84-4988-9F3F-93C6ED30FA32}.Release|Any CPU.Build.0 = Release|Any CPU
		{7139B8B4-BEFA-46B5-A4EC-C06583B5F84F}.Debug|Any CPU.ActiveCfg = Debug|Any CPU
		{7139B8B4-BEFA-46B5-A4EC-C06583B5F84F}.Debug|Any CPU.Build.0 = Debug|Any CPU
		{7139B8B4-BEFA-46B5-A4EC-C06583B5F84F}.Release|Any CPU.ActiveCfg = Release|Any CPU
		{7139B8B4-BEFA-46B5-A4EC-C06583B5F84F}.Release|Any CPU.Build.0 = Release|Any CPU
		{42A5FC25-214D-4520-9E9B-E5C224CCA407}.Debug|Any CPU.ActiveCfg = Debug|Any CPU
		{42A5FC25-214D-4520-9E9B-E5C224CCA407}.Debug|Any CPU.Build.0 = Debug|Any CPU
		{42A5FC25-214D-4520-9E9B-E5C224CCA407}.Release|Any CPU.ActiveCfg = Release|Any CPU
		{42A5FC25-214D-4520-9E9B-E5C224CCA407}.Release|Any CPU.Build.0 = Release|Any CPU
		{EEB14E29-B5DC-403A-87F9-3F8E94B548F7}.Debug|Any CPU.ActiveCfg = Debug|Any CPU
		{EEB14E29-B5DC-403A-87F9-3F8E94B548F7}.Debug|Any CPU.Build.0 = Debug|Any CPU
		{EEB14E29-B5DC-403A-87F9-3F8E94B548F7}.Release|Any CPU.ActiveCfg = Release|Any CPU
		{EEB14E29-B5DC-403A-87F9-3F8E94B548F7}.Release|Any CPU.Build.0 = Release|Any CPU
	EndGlobalSection
	GlobalSection(SolutionProperties) = preSolution
		HideSolutionNode = FALSE
	EndGlobalSection
	GlobalSection(ExtensibilityGlobals) = postSolution
		SolutionGuid = {F52F1D8D-5C5B-42BF-A7A0-8637059FE9B8}
	EndGlobalSection
EndGlobal
